// !$*UTF8*$!
{
	archiveVersion = 1;
	classes = {
	};
	objectVersion = 56;
	objects = {

/* Begin PBXBuildFile section */
		6804B7632C63BE8200C6F7AF /* AppointmentDetailsView.swift in Sources */ = {isa = PBXBuildFile; fileRef = 6804B7622C63BE8200C6F7AF /* AppointmentDetailsView.swift */; };
		6804B7652C63C05400C6F7AF /* AppointmentDetailsViewController.swift in Sources */ = {isa = PBXBuildFile; fileRef = 6804B7642C63C05400C6F7AF /* AppointmentDetailsViewController.swift */; };
		6804B76D2C661B4400C6F7AF /* LoadingImageView.swift in Sources */ = {isa = PBXBuildFile; fileRef = 6804B76C2C661B4400C6F7AF /* LoadingImageView.swift */; };
		680C181B2C49177900BD7874 /* HelloMedicApp.swift in Sources */ = {isa = PBXBuildFile; fileRef = 680C181A2C49177900BD7874 /* HelloMedicApp.swift */; };
		680C181D2C49177900BD7874 /* ContentView.swift in Sources */ = {isa = PBXBuildFile; fileRef = 680C181C2C49177900BD7874 /* ContentView.swift */; };
		680C181F2C49177A00BD7874 /* Assets.xcassets in Resources */ = {isa = PBXBuildFile; fileRef = 680C181E2C49177A00BD7874 /* Assets.xcassets */; };
		680C18222C49177A00BD7874 /* Preview Assets.xcassets in Resources */ = {isa = PBXBuildFile; fileRef = 680C18212C49177A00BD7874 /* Preview Assets.xcassets */; };
		680C18362C4A54FB00BD7874 /* TabBarView.swift in Sources */ = {isa = PBXBuildFile; fileRef = 680C18352C4A54FB00BD7874 /* TabBarView.swift */; };
		680C18382C4A653100BD7874 /* UserProfileView.swift in Sources */ = {isa = PBXBuildFile; fileRef = 680C18372C4A653100BD7874 /* UserProfileView.swift */; };
		685BA7AD2C60D50E00B96839 /* EditUserProfileView.swift in Sources */ = {isa = PBXBuildFile; fileRef = 685BA7AC2C60D50E00B96839 /* EditUserProfileView.swift */; };
		685BA7AF2C60F40C00B96839 /* RowEditProfileView.swift in Sources */ = {isa = PBXBuildFile; fileRef = 685BA7AE2C60F40C00B96839 /* RowEditProfileView.swift */; };
		6896057B2C92E12B00333D82 /* database.json in Resources */ = {isa = PBXBuildFile; fileRef = 6896057A2C92E12B00333D82 /* database.json */; };
		68C236432C5A254B0001B402 /* User.swift in Sources */ = {isa = PBXBuildFile; fileRef = 68C236422C5A254B0001B402 /* User.swift */; };
		68C236482C5A60A40001B402 /* JSONLoader.swift in Sources */ = {isa = PBXBuildFile; fileRef = 68C236472C5A60A40001B402 /* JSONLoader.swift */; };
		68C236522C5BD5420001B402 /* UserProfileViewModel.swift in Sources */ = {isa = PBXBuildFile; fileRef = 68C236512C5BD5420001B402 /* UserProfileViewModel.swift */; };
		68C236542C5CD4DA0001B402 /* RowProfileView.swift in Sources */ = {isa = PBXBuildFile; fileRef = 68C236532C5CD4DA0001B402 /* RowProfileView.swift */; };
		68C236582C5CDE9D0001B402 /* MedicalInfo.swift in Sources */ = {isa = PBXBuildFile; fileRef = 68C236572C5CDE9D0001B402 /* MedicalInfo.swift */; };
		6910579E2C4AABD2001BB6F4 /* SplashView.swift in Sources */ = {isa = PBXBuildFile; fileRef = 6910579D2C4AABD2001BB6F4 /* SplashView.swift */; };
		691057A02C4AABEA001BB6F4 /* HomeView.swift in Sources */ = {isa = PBXBuildFile; fileRef = 6910579F2C4AABEA001BB6F4 /* HomeView.swift */; };
		691057A32C4AB665001BB6F4 /* SearchView.swift in Sources */ = {isa = PBXBuildFile; fileRef = 691057A22C4AB665001BB6F4 /* SearchView.swift */; };
		699CBE642C61026200E0E20B /* FilterButtonView.swift in Sources */ = {isa = PBXBuildFile; fileRef = 699CBE632C61026200E0E20B /* FilterButtonView.swift */; };
		699CBE662C61166200E0E20B /* DoctorTableViewCell.swift in Sources */ = {isa = PBXBuildFile; fileRef = 699CBE652C61166200E0E20B /* DoctorTableViewCell.swift */; };
		699F8C422C64B5CF003D2716 /* Baloo-Regular.ttf in Resources */ = {isa = PBXBuildFile; fileRef = 699F8C412C64B5CF003D2716 /* Baloo-Regular.ttf */; };
		69B873F02C5B77EF0038E3A6 /* HomeViewController.swift in Sources */ = {isa = PBXBuildFile; fileRef = 69B873EF2C5B77EF0038E3A6 /* HomeViewController.swift */; };
		69B873F22C5BACAE0038E3A6 /* DoctorListModel.swift in Sources */ = {isa = PBXBuildFile; fileRef = 69B873F12C5BACAE0038E3A6 /* DoctorListModel.swift */; };
		69B873F42C5BACF80038E3A6 /* DoctorModel.swift in Sources */ = {isa = PBXBuildFile; fileRef = 69B873F32C5BACF80038E3A6 /* DoctorModel.swift */; };
		6A0E2C9C2C7A85E90096DB7B /* RendezVousView.swift in Sources */ = {isa = PBXBuildFile; fileRef = 6A0E2C9B2C7A85E90096DB7B /* RendezVousView.swift */; };
		6A0E2C9E2C7ABF4F0096DB7B /* DateSelectionView.swift in Sources */ = {isa = PBXBuildFile; fileRef = 6A0E2C9D2C7ABF4F0096DB7B /* DateSelectionView.swift */; };
		6A0E2CA02C7AC0670096DB7B /* TimeSlotSelectionView.swift in Sources */ = {isa = PBXBuildFile; fileRef = 6A0E2C9F2C7AC0670096DB7B /* TimeSlotSelectionView.swift */; };
		6A0E2CA22C7AC0C40096DB7B /* ConfirmationButton.swift in Sources */ = {isa = PBXBuildFile; fileRef = 6A0E2CA12C7AC0C40096DB7B /* ConfirmationButton.swift */; };
		6A0E2CA42C7AC11A0096DB7B /* TimeSlot.swift in Sources */ = {isa = PBXBuildFile; fileRef = 6A0E2CA32C7AC11A0096DB7B /* TimeSlot.swift */; };
		6A0E2CA62C7C1DC60096DB7B /* PractitionerCardViewViewController.swift in Sources */ = {isa = PBXBuildFile; fileRef = 6A0E2CA52C7C1DC60096DB7B /* PractitionerCardViewViewController.swift */; };
		6A0E2CA82C7C214F0096DB7B /* PractitionerCardView.swift in Sources */ = {isa = PBXBuildFile; fileRef = 6A0E2CA72C7C214F0096DB7B /* PractitionerCardView.swift */; };
		6A0E2CAA2C7C21E60096DB7B /* PractitionerViewControllerRepresentable.swift in Sources */ = {isa = PBXBuildFile; fileRef = 6A0E2CA92C7C21E60096DB7B /* PractitionerViewControllerRepresentable.swift */; };
		6A1281572C73CEDA00E68A9F /* CareGiver.swift in Sources */ = {isa = PBXBuildFile; fileRef = 6A1281562C73CEDA00E68A9F /* CareGiver.swift */; };
		6A1281592C73CEEE00E68A9F /* CareGiverList.swift in Sources */ = {isa = PBXBuildFile; fileRef = 6A1281582C73CEEE00E68A9F /* CareGiverList.swift */; };
		6A12815B2C73CEF700E68A9F /* FavoriteCareGiversData.swift in Sources */ = {isa = PBXBuildFile; fileRef = 6A12815A2C73CEF700E68A9F /* FavoriteCareGiversData.swift */; };
		6A12815D2C73CF0000E68A9F /* FilterCareGiverView.swift in Sources */ = {isa = PBXBuildFile; fileRef = 6A12815C2C73CF0000E68A9F /* FilterCareGiverView.swift */; };
		6A12815F2C73CF0900E68A9F /* MainView.swift in Sources */ = {isa = PBXBuildFile; fileRef = 6A12815E2C73CF0900E68A9F /* MainView.swift */; };
		6A2530CE2C9425CF000F7955 /* AppUser.swift in Sources */ = {isa = PBXBuildFile; fileRef = 6A2530CD2C9425CF000F7955 /* AppUser.swift */; };
		6A2B17342C95BAEC00F5E408 /* Confirm.swift in Sources */ = {isa = PBXBuildFile; fileRef = 6A2B17332C95BAEC00F5E408 /* Confirm.swift */; };
		6A2B17362C95F36C00F5E408 /* PractitionerCardViewRepresentable.swift in Sources */ = {isa = PBXBuildFile; fileRef = 6A2B17352C95F36C00F5E408 /* PractitionerCardViewRepresentable.swift */; };
		6A84BB112C952D3400263528 /* LoginViewModel.swift in Sources */ = {isa = PBXBuildFile; fileRef = 6A10C24E2C93186300146114 /* LoginViewModel.swift */; };
		6AF9347F2C5B72950018164E /* LoginView.swift in Sources */ = {isa = PBXBuildFile; fileRef = 6AF9347E2C5B72950018164E /* LoginView.swift */; };
		6AF934812C5B83F70018164E /* LogoView.swift in Sources */ = {isa = PBXBuildFile; fileRef = 6AF934802C5B83F70018164E /* LogoView.swift */; };
		6AF934832C5B85600018164E /* EmailView.swift in Sources */ = {isa = PBXBuildFile; fileRef = 6AF934822C5B85600018164E /* EmailView.swift */; };
		6AF934852C5B88F00018164E /* PasswordView.swift in Sources */ = {isa = PBXBuildFile; fileRef = 6AF934842C5B88F00018164E /* PasswordView.swift */; };
		6AF934872C5B8EA60018164E /* ButtonView.swift in Sources */ = {isa = PBXBuildFile; fileRef = 6AF934862C5B8EA60018164E /* ButtonView.swift */; };
		7531517B2C92F80B00B67E61 /* MyPrescription.swift in Sources */ = {isa = PBXBuildFile; fileRef = 7531517A2C92F80B00B67E61 /* MyPrescription.swift */; };
		75D65C152C578B51008DB4A0 /* RegisterViewTwo.swift in Sources */ = {isa = PBXBuildFile; fileRef = 75D65C142C578B51008DB4A0 /* RegisterViewTwo.swift */; };
		75D65C182C5824B0008DB4A0 /* RegisterViewOne.swift in Sources */ = {isa = PBXBuildFile; fileRef = 75D65C172C5824B0008DB4A0 /* RegisterViewOne.swift */; };
		75D65C3A2C5B8C50008DB4A0 /* MyPrescriptionView.swift in Sources */ = {isa = PBXBuildFile; fileRef = 75D65C392C5B8C50008DB4A0 /* MyPrescriptionView.swift */; };
		75D65C3C2C5BB12F008DB4A0 /* DocumentDetailView.swift in Sources */ = {isa = PBXBuildFile; fileRef = 75D65C3B2C5BB12F008DB4A0 /* DocumentDetailView.swift */; };
		75D65C3E2C5BDF32008DB4A0 /* Ordonnance.swift in Sources */ = {isa = PBXBuildFile; fileRef = 75D65C3D2C5BDF32008DB4A0 /* Ordonnance.swift */; };
		75D65CDE2C6614F0008DB4A0 /* RegisterView.swift in Sources */ = {isa = PBXBuildFile; fileRef = 75D65CDD2C6614F0008DB4A0 /* RegisterView.swift */; };
		F370C25D2C61073200BE0F6E /* ProfilSpecialistView.swift in Sources */ = {isa = PBXBuildFile; fileRef = F370C25C2C61073200BE0F6E /* ProfilSpecialistView.swift */; };
		F389E25D2C4A6C2A00CFCB77 /* AppointmentView.swift in Sources */ = {isa = PBXBuildFile; fileRef = F389E25C2C4A6C2A00CFCB77 /* AppointmentView.swift */; };
		F389E2612C4A96AA00CFCB77 /* AppointmentModel.swift in Sources */ = {isa = PBXBuildFile; fileRef = F389E2602C4A96AA00CFCB77 /* AppointmentModel.swift */; };
		F389E2652C4A9D5700CFCB77 /* ProfilSpecialistViewModel.swift in Sources */ = {isa = PBXBuildFile; fileRef = F389E2642C4A9D5700CFCB77 /* ProfilSpecialistViewModel.swift */; };
		F389E2672C4AA06100CFCB77 /* SpecialityModel.swift in Sources */ = {isa = PBXBuildFile; fileRef = F389E2662C4AA06100CFCB77 /* SpecialityModel.swift */; };
		F389E2692C4AA4F200CFCB77 /* SpecialityViewModel.swift in Sources */ = {isa = PBXBuildFile; fileRef = F389E2682C4AA4F200CFCB77 /* SpecialityViewModel.swift */; };
		F3B521402C57984200E4034F /* AppointmentViewModel.swift in Sources */ = {isa = PBXBuildFile; fileRef = F3B5213F2C57984200E4034F /* AppointmentViewModel.swift */; };
		F3E94EC22C57D999000B0D69 /* DetailAppointmentView.swift in Sources */ = {isa = PBXBuildFile; fileRef = F3E94EC12C57D999000B0D69 /* DetailAppointmentView.swift */; };
		F3E94EC42C57DA26000B0D69 /* DetailAppointmentViewController.swift in Sources */ = {isa = PBXBuildFile; fileRef = F3E94EC32C57DA26000B0D69 /* DetailAppointmentViewController.swift */; };
/* End PBXBuildFile section */

/* Begin PBXFileReference section */
		6804B7622C63BE8200C6F7AF /* AppointmentDetailsView.swift */ = {isa = PBXFileReference; lastKnownFileType = sourcecode.swift; path = AppointmentDetailsView.swift; sourceTree = "<group>"; };
		6804B7642C63C05400C6F7AF /* AppointmentDetailsViewController.swift */ = {isa = PBXFileReference; lastKnownFileType = sourcecode.swift; path = AppointmentDetailsViewController.swift; sourceTree = "<group>"; };
		6804B76C2C661B4400C6F7AF /* LoadingImageView.swift */ = {isa = PBXFileReference; lastKnownFileType = sourcecode.swift; path = LoadingImageView.swift; sourceTree = "<group>"; };
		680C18172C49177900BD7874 /* HelloMedic.app */ = {isa = PBXFileReference; explicitFileType = wrapper.application; includeInIndex = 0; path = HelloMedic.app; sourceTree = BUILT_PRODUCTS_DIR; };
		680C181A2C49177900BD7874 /* HelloMedicApp.swift */ = {isa = PBXFileReference; lastKnownFileType = sourcecode.swift; path = HelloMedicApp.swift; sourceTree = "<group>"; };
		680C181C2C49177900BD7874 /* ContentView.swift */ = {isa = PBXFileReference; lastKnownFileType = sourcecode.swift; path = ContentView.swift; sourceTree = "<group>"; };
		680C181E2C49177A00BD7874 /* Assets.xcassets */ = {isa = PBXFileReference; lastKnownFileType = folder.assetcatalog; path = Assets.xcassets; sourceTree = "<group>"; };
		680C18212C49177A00BD7874 /* Preview Assets.xcassets */ = {isa = PBXFileReference; lastKnownFileType = folder.assetcatalog; path = "Preview Assets.xcassets"; sourceTree = "<group>"; };
		680C18352C4A54FB00BD7874 /* TabBarView.swift */ = {isa = PBXFileReference; lastKnownFileType = sourcecode.swift; path = TabBarView.swift; sourceTree = "<group>"; };
		680C18372C4A653100BD7874 /* UserProfileView.swift */ = {isa = PBXFileReference; lastKnownFileType = sourcecode.swift; path = UserProfileView.swift; sourceTree = "<group>"; };
		685BA7AC2C60D50E00B96839 /* EditUserProfileView.swift */ = {isa = PBXFileReference; lastKnownFileType = sourcecode.swift; path = EditUserProfileView.swift; sourceTree = "<group>"; };
		685BA7AE2C60F40C00B96839 /* RowEditProfileView.swift */ = {isa = PBXFileReference; lastKnownFileType = sourcecode.swift; path = RowEditProfileView.swift; sourceTree = "<group>"; };
		6896057A2C92E12B00333D82 /* database.json */ = {isa = PBXFileReference; fileEncoding = 4; lastKnownFileType = text.json; path = database.json; sourceTree = "<group>"; };
		68C236422C5A254B0001B402 /* User.swift */ = {isa = PBXFileReference; lastKnownFileType = sourcecode.swift; path = User.swift; sourceTree = "<group>"; };
		68C236472C5A60A40001B402 /* JSONLoader.swift */ = {isa = PBXFileReference; lastKnownFileType = sourcecode.swift; path = JSONLoader.swift; sourceTree = "<group>"; };
		68C236512C5BD5420001B402 /* UserProfileViewModel.swift */ = {isa = PBXFileReference; lastKnownFileType = sourcecode.swift; path = UserProfileViewModel.swift; sourceTree = "<group>"; };
		68C236532C5CD4DA0001B402 /* RowProfileView.swift */ = {isa = PBXFileReference; lastKnownFileType = sourcecode.swift; path = RowProfileView.swift; sourceTree = "<group>"; };
		68C236572C5CDE9D0001B402 /* MedicalInfo.swift */ = {isa = PBXFileReference; lastKnownFileType = sourcecode.swift; path = MedicalInfo.swift; sourceTree = "<group>"; };
		6910579D2C4AABD2001BB6F4 /* SplashView.swift */ = {isa = PBXFileReference; lastKnownFileType = sourcecode.swift; path = SplashView.swift; sourceTree = "<group>"; };
		6910579F2C4AABEA001BB6F4 /* HomeView.swift */ = {isa = PBXFileReference; lastKnownFileType = sourcecode.swift; path = HomeView.swift; sourceTree = "<group>"; };
		691057A22C4AB665001BB6F4 /* SearchView.swift */ = {isa = PBXFileReference; lastKnownFileType = sourcecode.swift; path = SearchView.swift; sourceTree = "<group>"; };
		699CBE632C61026200E0E20B /* FilterButtonView.swift */ = {isa = PBXFileReference; lastKnownFileType = sourcecode.swift; path = FilterButtonView.swift; sourceTree = "<group>"; };
		699CBE652C61166200E0E20B /* DoctorTableViewCell.swift */ = {isa = PBXFileReference; lastKnownFileType = sourcecode.swift; path = DoctorTableViewCell.swift; sourceTree = "<group>"; };
		699F8C392C625CA0003D2716 /* Info.plist */ = {isa = PBXFileReference; lastKnownFileType = text.plist; path = Info.plist; sourceTree = "<group>"; };
		699F8C412C64B5CF003D2716 /* Baloo-Regular.ttf */ = {isa = PBXFileReference; lastKnownFileType = file; path = "Baloo-Regular.ttf"; sourceTree = "<group>"; };
		69B873EF2C5B77EF0038E3A6 /* HomeViewController.swift */ = {isa = PBXFileReference; lastKnownFileType = sourcecode.swift; path = HomeViewController.swift; sourceTree = "<group>"; };
		69B873F12C5BACAE0038E3A6 /* DoctorListModel.swift */ = {isa = PBXFileReference; lastKnownFileType = sourcecode.swift; path = DoctorListModel.swift; sourceTree = "<group>"; };
		69B873F32C5BACF80038E3A6 /* DoctorModel.swift */ = {isa = PBXFileReference; lastKnownFileType = sourcecode.swift; path = DoctorModel.swift; sourceTree = "<group>"; };
		6A0E2C9B2C7A85E90096DB7B /* RendezVousView.swift */ = {isa = PBXFileReference; lastKnownFileType = sourcecode.swift; path = RendezVousView.swift; sourceTree = "<group>"; };
		6A0E2C9D2C7ABF4F0096DB7B /* DateSelectionView.swift */ = {isa = PBXFileReference; lastKnownFileType = sourcecode.swift; path = DateSelectionView.swift; sourceTree = "<group>"; };
		6A0E2C9F2C7AC0670096DB7B /* TimeSlotSelectionView.swift */ = {isa = PBXFileReference; lastKnownFileType = sourcecode.swift; path = TimeSlotSelectionView.swift; sourceTree = "<group>"; };
		6A0E2CA12C7AC0C40096DB7B /* ConfirmationButton.swift */ = {isa = PBXFileReference; lastKnownFileType = sourcecode.swift; path = ConfirmationButton.swift; sourceTree = "<group>"; };
		6A0E2CA32C7AC11A0096DB7B /* TimeSlot.swift */ = {isa = PBXFileReference; lastKnownFileType = sourcecode.swift; path = TimeSlot.swift; sourceTree = "<group>"; };
		6A0E2CA52C7C1DC60096DB7B /* PractitionerCardViewViewController.swift */ = {isa = PBXFileReference; lastKnownFileType = sourcecode.swift; path = PractitionerCardViewViewController.swift; sourceTree = "<group>"; };
		6A0E2CA72C7C214F0096DB7B /* PractitionerCardView.swift */ = {isa = PBXFileReference; lastKnownFileType = sourcecode.swift; path = PractitionerCardView.swift; sourceTree = "<group>"; };
		6A0E2CA92C7C21E60096DB7B /* PractitionerViewControllerRepresentable.swift */ = {isa = PBXFileReference; lastKnownFileType = sourcecode.swift; path = PractitionerViewControllerRepresentable.swift; sourceTree = "<group>"; };
		6A10C24E2C93186300146114 /* LoginViewModel.swift */ = {isa = PBXFileReference; lastKnownFileType = sourcecode.swift; path = LoginViewModel.swift; sourceTree = "<group>"; };
		6A1281562C73CEDA00E68A9F /* CareGiver.swift */ = {isa = PBXFileReference; fileEncoding = 4; lastKnownFileType = sourcecode.swift; path = CareGiver.swift; sourceTree = "<group>"; };
		6A1281582C73CEEE00E68A9F /* CareGiverList.swift */ = {isa = PBXFileReference; fileEncoding = 4; lastKnownFileType = sourcecode.swift; path = CareGiverList.swift; sourceTree = "<group>"; };
		6A12815A2C73CEF700E68A9F /* FavoriteCareGiversData.swift */ = {isa = PBXFileReference; fileEncoding = 4; lastKnownFileType = sourcecode.swift; path = FavoriteCareGiversData.swift; sourceTree = "<group>"; };
		6A12815C2C73CF0000E68A9F /* FilterCareGiverView.swift */ = {isa = PBXFileReference; fileEncoding = 4; lastKnownFileType = sourcecode.swift; path = FilterCareGiverView.swift; sourceTree = "<group>"; };
		6A12815E2C73CF0900E68A9F /* MainView.swift */ = {isa = PBXFileReference; fileEncoding = 4; lastKnownFileType = sourcecode.swift; path = MainView.swift; sourceTree = "<group>"; };
		6A2530CD2C9425CF000F7955 /* AppUser.swift */ = {isa = PBXFileReference; lastKnownFileType = sourcecode.swift; path = AppUser.swift; sourceTree = "<group>"; };
		6A2B17332C95BAEC00F5E408 /* Confirm.swift */ = {isa = PBXFileReference; lastKnownFileType = sourcecode.swift; path = Confirm.swift; sourceTree = "<group>"; };
		6A2B17352C95F36C00F5E408 /* PractitionerCardViewRepresentable.swift */ = {isa = PBXFileReference; lastKnownFileType = sourcecode.swift; path = PractitionerCardViewRepresentable.swift; sourceTree = "<group>"; };
		6AF9347E2C5B72950018164E /* LoginView.swift */ = {isa = PBXFileReference; lastKnownFileType = sourcecode.swift; path = LoginView.swift; sourceTree = "<group>"; };
		6AF934802C5B83F70018164E /* LogoView.swift */ = {isa = PBXFileReference; lastKnownFileType = sourcecode.swift; path = LogoView.swift; sourceTree = "<group>"; };
		6AF934822C5B85600018164E /* EmailView.swift */ = {isa = PBXFileReference; lastKnownFileType = sourcecode.swift; path = EmailView.swift; sourceTree = "<group>"; };
		6AF934842C5B88F00018164E /* PasswordView.swift */ = {isa = PBXFileReference; lastKnownFileType = sourcecode.swift; path = PasswordView.swift; sourceTree = "<group>"; };
		6AF934862C5B8EA60018164E /* ButtonView.swift */ = {isa = PBXFileReference; lastKnownFileType = sourcecode.swift; path = ButtonView.swift; sourceTree = "<group>"; };
		7531517A2C92F80B00B67E61 /* MyPrescription.swift */ = {isa = PBXFileReference; lastKnownFileType = sourcecode.swift; path = MyPrescription.swift; sourceTree = "<group>"; };
		75D65C142C578B51008DB4A0 /* RegisterViewTwo.swift */ = {isa = PBXFileReference; lastKnownFileType = sourcecode.swift; path = RegisterViewTwo.swift; sourceTree = "<group>"; };
		75D65C172C5824B0008DB4A0 /* RegisterViewOne.swift */ = {isa = PBXFileReference; lastKnownFileType = sourcecode.swift; path = RegisterViewOne.swift; sourceTree = "<group>"; };
		75D65C392C5B8C50008DB4A0 /* MyPrescriptionView.swift */ = {isa = PBXFileReference; lastKnownFileType = sourcecode.swift; path = MyPrescriptionView.swift; sourceTree = "<group>"; };
		75D65C3B2C5BB12F008DB4A0 /* DocumentDetailView.swift */ = {isa = PBXFileReference; lastKnownFileType = sourcecode.swift; path = DocumentDetailView.swift; sourceTree = "<group>"; };
		75D65C3D2C5BDF32008DB4A0 /* Ordonnance.swift */ = {isa = PBXFileReference; lastKnownFileType = sourcecode.swift; path = Ordonnance.swift; sourceTree = "<group>"; };
		75D65CDD2C6614F0008DB4A0 /* RegisterView.swift */ = {isa = PBXFileReference; lastKnownFileType = sourcecode.swift; path = RegisterView.swift; sourceTree = "<group>"; };
		F370C25C2C61073200BE0F6E /* ProfilSpecialistView.swift */ = {isa = PBXFileReference; lastKnownFileType = sourcecode.swift; path = ProfilSpecialistView.swift; sourceTree = "<group>"; };
		F389E25C2C4A6C2A00CFCB77 /* AppointmentView.swift */ = {isa = PBXFileReference; lastKnownFileType = sourcecode.swift; path = AppointmentView.swift; sourceTree = "<group>"; };
		F389E2602C4A96AA00CFCB77 /* AppointmentModel.swift */ = {isa = PBXFileReference; lastKnownFileType = sourcecode.swift; name = AppointmentModel.swift; path = HelloMedic/Model/AppointmentModel.swift; sourceTree = SOURCE_ROOT; };
		F389E2642C4A9D5700CFCB77 /* ProfilSpecialistViewModel.swift */ = {isa = PBXFileReference; lastKnownFileType = sourcecode.swift; path = ProfilSpecialistViewModel.swift; sourceTree = "<group>"; };
		F389E2662C4AA06100CFCB77 /* SpecialityModel.swift */ = {isa = PBXFileReference; lastKnownFileType = sourcecode.swift; name = SpecialityModel.swift; path = HelloMedic/Model/SpecialityModel.swift; sourceTree = SOURCE_ROOT; };
		F389E2682C4AA4F200CFCB77 /* SpecialityViewModel.swift */ = {isa = PBXFileReference; lastKnownFileType = sourcecode.swift; path = SpecialityViewModel.swift; sourceTree = "<group>"; };
		F3B5213F2C57984200E4034F /* AppointmentViewModel.swift */ = {isa = PBXFileReference; lastKnownFileType = sourcecode.swift; path = AppointmentViewModel.swift; sourceTree = "<group>"; };
		F3E94EC12C57D999000B0D69 /* DetailAppointmentView.swift */ = {isa = PBXFileReference; lastKnownFileType = sourcecode.swift; path = DetailAppointmentView.swift; sourceTree = "<group>"; };
		F3E94EC32C57DA26000B0D69 /* DetailAppointmentViewController.swift */ = {isa = PBXFileReference; lastKnownFileType = sourcecode.swift; path = DetailAppointmentViewController.swift; sourceTree = "<group>"; };
/* End PBXFileReference section */

/* Begin PBXFrameworksBuildPhase section */
		680C18142C49177900BD7874 /* Frameworks */ = {
			isa = PBXFrameworksBuildPhase;
			buildActionMask = 2147483647;
			files = (
			);
			runOnlyForDeploymentPostprocessing = 0;
		};
/* End PBXFrameworksBuildPhase section */

/* Begin PBXGroup section */
		6804B7612C63BDFD00C6F7AF /* AppointmentDetails */ = {
			isa = PBXGroup;
			children = (
				6804B7692C655DA700C6F7AF /* Controller */,
				6804B7682C655D9B00C6F7AF /* View */,
			);
			path = AppointmentDetails;
			sourceTree = "<group>";
		};
		6804B7682C655D9B00C6F7AF /* View */ = {
			isa = PBXGroup;
			children = (
				6804B7622C63BE8200C6F7AF /* AppointmentDetailsView.swift */,
			);
			path = View;
			sourceTree = "<group>";
		};
		6804B7692C655DA700C6F7AF /* Controller */ = {
			isa = PBXGroup;
			children = (
				6804B7642C63C05400C6F7AF /* AppointmentDetailsViewController.swift */,
			);
			path = Controller;
			sourceTree = "<group>";
		};
		680C180E2C49177900BD7874 = {
			isa = PBXGroup;
			children = (
				680C18192C49177900BD7874 /* HelloMedic */,
				680C18182C49177900BD7874 /* Products */,
			);
			sourceTree = "<group>";
		};
		680C18182C49177900BD7874 /* Products */ = {
			isa = PBXGroup;
			children = (
				680C18172C49177900BD7874 /* HelloMedic.app */,
			);
			name = Products;
			sourceTree = "<group>";
		};
		680C18192C49177900BD7874 /* HelloMedic */ = {
			isa = PBXGroup;
			children = (
				699F8C392C625CA0003D2716 /* Info.plist */,
				680C182B2C4942DF00BD7874 /* App */,
				680C182C2C49435800BD7874 /* Core */,
				680C18282C4942C000BD7874 /* Model */,
				68C236462C5A5F380001B402 /* Services */,
				680C18332C4944AE00BD7874 /* Resource */,
				680C18202C49177A00BD7874 /* Preview Content */,
			);
			path = HelloMedic;
			sourceTree = "<group>";
		};
		680C18202C49177A00BD7874 /* Preview Content */ = {
			isa = PBXGroup;
			children = (
				680C18212C49177A00BD7874 /* Preview Assets.xcassets */,
			);
			path = "Preview Content";
			sourceTree = "<group>";
		};
		680C18282C4942C000BD7874 /* Model */ = {
			isa = PBXGroup;
			children = (
				6A2530CD2C9425CF000F7955 /* AppUser.swift */,
				F389E2602C4A96AA00CFCB77 /* AppointmentModel.swift */,
				68C236572C5CDE9D0001B402 /* MedicalInfo.swift */,
				F389E2662C4AA06100CFCB77 /* SpecialityModel.swift */,
				68C236422C5A254B0001B402 /* User.swift */,
				69B873F32C5BACF80038E3A6 /* DoctorModel.swift */,
				75D65C3D2C5BDF32008DB4A0 /* Ordonnance.swift */,
			);
			path = Model;
			sourceTree = "<group>";
		};
		680C182B2C4942DF00BD7874 /* App */ = {
			isa = PBXGroup;
			children = (
				680C181A2C49177900BD7874 /* HelloMedicApp.swift */,
			);
			path = App;
			sourceTree = "<group>";
		};
		680C182C2C49435800BD7874 /* Core */ = {
			isa = PBXGroup;
			children = (
				6A0E2C912C7A6E2A0096DB7B /* RendezVous */,
				F389E25B2C4A6B9A00CFCB77 /* Appointment */,
				6804B7612C63BDFD00C6F7AF /* AppointmentDetails */,
				685BA7AB2C60D07600B96839 /* EditUserProfile */,
				6A93AF5C2C653473006BF883 /* Favoris */,
				6910579C2C4AAB4F001BB6F4 /* Home */,
				680C182E2C49438C00BD7874 /* Login */,
				680C18342C49457100BD7874 /* Register */,
				680C182D2C49437C00BD7874 /* Root */,
				691057A12C4AB637001BB6F4 /* Search */,
				680C18312C49443B00BD7874 /* SpecialistProfile */,
				691057992C4AA85A001BB6F4 /* Splash */,
				680C18322C49449200BD7874 /* TabBar */,
				680C18302C49442400BD7874 /* UserProfile */,
			);
			path = Core;
			sourceTree = "<group>";
		};
		680C182D2C49437C00BD7874 /* Root */ = {
			isa = PBXGroup;
			children = (
				680C181C2C49177900BD7874 /* ContentView.swift */,
			);
			path = Root;
			sourceTree = "<group>";
		};
		680C182E2C49438C00BD7874 /* Login */ = {
			isa = PBXGroup;
			children = (
				6A10C24D2C93184700146114 /* ViewModel */,
				6AF9347D2C5B6EDC0018164E /* Views */,
			);
			path = Login;
			sourceTree = "<group>";
		};
		680C18302C49442400BD7874 /* UserProfile */ = {
			isa = PBXGroup;
			children = (
				68C236502C5BD5240001B402 /* ViewModel */,
				68C2364F2C5BD4810001B402 /* View */,
			);
			path = UserProfile;
			sourceTree = "<group>";
		};
		680C18312C49443B00BD7874 /* SpecialistProfile */ = {
			isa = PBXGroup;
			children = (
				F370C25C2C61073200BE0F6E /* ProfilSpecialistView.swift */,
				F389E2682C4AA4F200CFCB77 /* SpecialityViewModel.swift */,
				F389E2642C4A9D5700CFCB77 /* ProfilSpecialistViewModel.swift */,
			);
			path = SpecialistProfile;
			sourceTree = "<group>";
		};
		680C18322C49449200BD7874 /* TabBar */ = {
			isa = PBXGroup;
			children = (
				680C18352C4A54FB00BD7874 /* TabBarView.swift */,
			);
			path = TabBar;
			sourceTree = "<group>";
		};
		680C18332C4944AE00BD7874 /* Resource */ = {
			isa = PBXGroup;
			children = (
				6896057A2C92E12B00333D82 /* database.json */,
				680C181E2C49177A00BD7874 /* Assets.xcassets */,
				699F8C412C64B5CF003D2716 /* Baloo-Regular.ttf */,
			);
			path = Resource;
			sourceTree = "<group>";
		};
		680C18342C49457100BD7874 /* Register */ = {
			isa = PBXGroup;
			children = (
				75D65CDA2C64B08A008DB4A0 /* Documents */,
				75D65CDB2C661481008DB4A0 /* Controller */,
			);
			path = Register;
			sourceTree = "<group>";
		};
		685BA7AB2C60D07600B96839 /* EditUserProfile */ = {
			isa = PBXGroup;
			children = (
				68B53B152C6230C800B5FEDD /* View */,
			);
			path = EditUserProfile;
			sourceTree = "<group>";
		};
		68B53B152C6230C800B5FEDD /* View */ = {
			isa = PBXGroup;
			children = (
				685BA7AC2C60D50E00B96839 /* EditUserProfileView.swift */,
				685BA7AE2C60F40C00B96839 /* RowEditProfileView.swift */,
			);
			path = View;
			sourceTree = "<group>";
		};
		68C236462C5A5F380001B402 /* Services */ = {
			isa = PBXGroup;
			children = (
				68C236472C5A60A40001B402 /* JSONLoader.swift */,
			);
			path = Services;
			sourceTree = "<group>";
		};
		68C2364F2C5BD4810001B402 /* View */ = {
			isa = PBXGroup;
			children = (
				680C18372C4A653100BD7874 /* UserProfileView.swift */,
				68C236532C5CD4DA0001B402 /* RowProfileView.swift */,
				6804B76C2C661B4400C6F7AF /* LoadingImageView.swift */,
			);
			path = View;
			sourceTree = "<group>";
		};
		68C236502C5BD5240001B402 /* ViewModel */ = {
			isa = PBXGroup;
			children = (
				68C236512C5BD5420001B402 /* UserProfileViewModel.swift */,
			);
			path = ViewModel;
			sourceTree = "<group>";
		};
		690890582C944711000250E8 /* View */ = {
			isa = PBXGroup;
			children = (
				6910579F2C4AABEA001BB6F4 /* HomeView.swift */,
				69B873EF2C5B77EF0038E3A6 /* HomeViewController.swift */,
				699CBE652C61166200E0E20B /* DoctorTableViewCell.swift */,
			);
			path = View;
			sourceTree = "<group>";
		};
		691057992C4AA85A001BB6F4 /* Splash */ = {
			isa = PBXGroup;
			children = (
				6910579D2C4AABD2001BB6F4 /* SplashView.swift */,
			);
			path = Splash;
			sourceTree = "<group>";
		};
		6910579C2C4AAB4F001BB6F4 /* Home */ = {
			isa = PBXGroup;
			children = (
				69B873EA2C5A27D90038E3A6 /* ViewModel */,
				690890582C944711000250E8 /* View */,
			);
			path = Home;
			sourceTree = "<group>";
		};
		691057A12C4AB637001BB6F4 /* Search */ = {
			isa = PBXGroup;
			children = (
				691057A22C4AB665001BB6F4 /* SearchView.swift */,
				699CBE632C61026200E0E20B /* FilterButtonView.swift */,
			);
			path = Search;
			sourceTree = "<group>";
		};
		69B873EA2C5A27D90038E3A6 /* ViewModel */ = {
			isa = PBXGroup;
			children = (
				69B873F12C5BACAE0038E3A6 /* DoctorListModel.swift */,
			);
			path = ViewModel;
			sourceTree = "<group>";
		};
		6A0E2C912C7A6E2A0096DB7B /* RendezVous */ = {
			isa = PBXGroup;
			children = (
				6A0E2C9A2C7A85650096DB7B /* Components */,
				6A0E2C9B2C7A85E90096DB7B /* RendezVousView.swift */,
			);
			path = RendezVous;
			sourceTree = "<group>";
		};
		6A0E2C9A2C7A85650096DB7B /* Components */ = {
			isa = PBXGroup;
			children = (
				6A0E2C9D2C7ABF4F0096DB7B /* DateSelectionView.swift */,
				6A0E2C9F2C7AC0670096DB7B /* TimeSlotSelectionView.swift */,
				6A0E2CA12C7AC0C40096DB7B /* ConfirmationButton.swift */,
				6A0E2CA32C7AC11A0096DB7B /* TimeSlot.swift */,
				6A0E2CA52C7C1DC60096DB7B /* PractitionerCardViewViewController.swift */,
				6A0E2CA72C7C214F0096DB7B /* PractitionerCardView.swift */,
				6A0E2CA92C7C21E60096DB7B /* PractitionerViewControllerRepresentable.swift */,
				6A2B17332C95BAEC00F5E408 /* Confirm.swift */,
				6A2B17352C95F36C00F5E408 /* PractitionerCardViewRepresentable.swift */,
			);
			path = Components;
			sourceTree = "<group>";
		};
		6A10C24D2C93184700146114 /* ViewModel */ = {
			isa = PBXGroup;
			children = (
				6A10C24E2C93186300146114 /* LoginViewModel.swift */,
			);
			path = ViewModel;
			sourceTree = "<group>";
		};
		6A1281602C73D1DA00E68A9F /* Components */ = {
			isa = PBXGroup;
			children = (
				6A1281562C73CEDA00E68A9F /* CareGiver.swift */,
				6A1281582C73CEEE00E68A9F /* CareGiverList.swift */,
				6A12815A2C73CEF700E68A9F /* FavoriteCareGiversData.swift */,
				6A12815C2C73CF0000E68A9F /* FilterCareGiverView.swift */,
			);
			path = Components;
			sourceTree = "<group>";
		};
		6A93AF5C2C653473006BF883 /* Favoris */ = {
			isa = PBXGroup;
			children = (
				6A1281602C73D1DA00E68A9F /* Components */,
				6A12815E2C73CF0900E68A9F /* MainView.swift */,
			);
			path = Favoris;
			sourceTree = "<group>";
		};
		6AF9347D2C5B6EDC0018164E /* Views */ = {
			isa = PBXGroup;
			children = (
				6AF9347E2C5B72950018164E /* LoginView.swift */,
				6AF934802C5B83F70018164E /* LogoView.swift */,
				6AF934822C5B85600018164E /* EmailView.swift */,
				6AF934842C5B88F00018164E /* PasswordView.swift */,
				6AF934862C5B8EA60018164E /* ButtonView.swift */,
			);
			path = Views;
			sourceTree = "<group>";
		};
		753151792C92F7B800B67E61 /* ViewModel */ = {
			isa = PBXGroup;
			children = (
				7531517A2C92F80B00B67E61 /* MyPrescription.swift */,
			);
			path = ViewModel;
			sourceTree = "<group>";
		};
		75D65CDA2C64B08A008DB4A0 /* Documents */ = {
			isa = PBXGroup;
			children = (
				753151792C92F7B800B67E61 /* ViewModel */,
				75D65C392C5B8C50008DB4A0 /* MyPrescriptionView.swift */,
				75D65C3B2C5BB12F008DB4A0 /* DocumentDetailView.swift */,
			);
			path = Documents;
			sourceTree = "<group>";
		};
		75D65CDB2C661481008DB4A0 /* Controller */ = {
			isa = PBXGroup;
			children = (
				75D65CDC2C6614C6008DB4A0 /* View */,
			);
			path = Controller;
			sourceTree = "<group>";
		};
		75D65CDC2C6614C6008DB4A0 /* View */ = {
			isa = PBXGroup;
			children = (
				75D65CDD2C6614F0008DB4A0 /* RegisterView.swift */,
				75D65C172C5824B0008DB4A0 /* RegisterViewOne.swift */,
				75D65C142C578B51008DB4A0 /* RegisterViewTwo.swift */,
			);
			path = View;
			sourceTree = "<group>";
		};
		F389E25B2C4A6B9A00CFCB77 /* Appointment */ = {
			isa = PBXGroup;
			children = (
				F389E25C2C4A6C2A00CFCB77 /* AppointmentView.swift */,
				F3E94EC12C57D999000B0D69 /* DetailAppointmentView.swift */,
				F3E94EC32C57DA26000B0D69 /* DetailAppointmentViewController.swift */,
				F3B5213F2C57984200E4034F /* AppointmentViewModel.swift */,
			);
			path = Appointment;
			sourceTree = "<group>";
		};
/* End PBXGroup section */

/* Begin PBXNativeTarget section */
		680C18162C49177900BD7874 /* HelloMedic */ = {
			isa = PBXNativeTarget;
			buildConfigurationList = 680C18252C49177A00BD7874 /* Build configuration list for PBXNativeTarget "HelloMedic" */;
			buildPhases = (
				680C18132C49177900BD7874 /* Sources */,
				680C18142C49177900BD7874 /* Frameworks */,
				680C18152C49177900BD7874 /* Resources */,
			);
			buildRules = (
			);
			dependencies = (
			);
			name = HelloMedic;
			productName = HelloMedic;
			productReference = 680C18172C49177900BD7874 /* HelloMedic.app */;
			productType = "com.apple.product-type.application";
		};
/* End PBXNativeTarget section */

/* Begin PBXProject section */
		680C180F2C49177900BD7874 /* Project object */ = {
			isa = PBXProject;
			attributes = {
				BuildIndependentTargetsInParallel = 1;
				LastSwiftUpdateCheck = 1540;
				LastUpgradeCheck = 1540;
				TargetAttributes = {
					680C18162C49177900BD7874 = {
						CreatedOnToolsVersion = 15.4;
					};
				};
			};
			buildConfigurationList = 680C18122C49177900BD7874 /* Build configuration list for PBXProject "HelloMedic" */;
			compatibilityVersion = "Xcode 14.0";
			developmentRegion = en;
			hasScannedForEncodings = 0;
			knownRegions = (
				en,
				Base,
			);
			mainGroup = 680C180E2C49177900BD7874;
			productRefGroup = 680C18182C49177900BD7874 /* Products */;
			projectDirPath = "";
			projectRoot = "";
			targets = (
				680C18162C49177900BD7874 /* HelloMedic */,
			);
		};
/* End PBXProject section */

/* Begin PBXResourcesBuildPhase section */
		680C18152C49177900BD7874 /* Resources */ = {
			isa = PBXResourcesBuildPhase;
			buildActionMask = 2147483647;
			files = (
				699F8C422C64B5CF003D2716 /* Baloo-Regular.ttf in Resources */,
				680C18222C49177A00BD7874 /* Preview Assets.xcassets in Resources */,
				680C181F2C49177A00BD7874 /* Assets.xcassets in Resources */,
				6896057B2C92E12B00333D82 /* database.json in Resources */,
			);
			runOnlyForDeploymentPostprocessing = 0;
		};
/* End PBXResourcesBuildPhase section */

/* Begin PBXSourcesBuildPhase section */
		680C18132C49177900BD7874 /* Sources */ = {
			isa = PBXSourcesBuildPhase;
			buildActionMask = 2147483647;
			files = (
				6AF934852C5B88F00018164E /* PasswordView.swift in Sources */,
				68C236582C5CDE9D0001B402 /* MedicalInfo.swift in Sources */,
				69B873F22C5BACAE0038E3A6 /* DoctorListModel.swift in Sources */,
				75D65C3E2C5BDF32008DB4A0 /* Ordonnance.swift in Sources */,
				680C181D2C49177900BD7874 /* ContentView.swift in Sources */,
				6AF934872C5B8EA60018164E /* ButtonView.swift in Sources */,
				6AF934832C5B85600018164E /* EmailView.swift in Sources */,
				6A0E2CAA2C7C21E60096DB7B /* PractitionerViewControllerRepresentable.swift in Sources */,
				6A1281592C73CEEE00E68A9F /* CareGiverList.swift in Sources */,
				685BA7AF2C60F40C00B96839 /* RowEditProfileView.swift in Sources */,
				6A0E2CA42C7AC11A0096DB7B /* TimeSlot.swift in Sources */,
				6A0E2C9E2C7ABF4F0096DB7B /* DateSelectionView.swift in Sources */,
				6A12815F2C73CF0900E68A9F /* MainView.swift in Sources */,
				6AF934812C5B83F70018164E /* LogoView.swift in Sources */,
				699CBE662C61166200E0E20B /* DoctorTableViewCell.swift in Sources */,
				75D65C3A2C5B8C50008DB4A0 /* MyPrescriptionView.swift in Sources */,
				6910579E2C4AABD2001BB6F4 /* SplashView.swift in Sources */,
				68C236432C5A254B0001B402 /* User.swift in Sources */,
				699CBE642C61026200E0E20B /* FilterButtonView.swift in Sources */,
				6A2530CE2C9425CF000F7955 /* AppUser.swift in Sources */,
				680C18362C4A54FB00BD7874 /* TabBarView.swift in Sources */,
				75D65C3C2C5BB12F008DB4A0 /* DocumentDetailView.swift in Sources */,
				6A0E2CA22C7AC0C40096DB7B /* ConfirmationButton.swift in Sources */,
				6A2B17362C95F36C00F5E408 /* PractitionerCardViewRepresentable.swift in Sources */,
				75D65C182C5824B0008DB4A0 /* RegisterViewOne.swift in Sources */,
				685BA7AD2C60D50E00B96839 /* EditUserProfileView.swift in Sources */,
				691057A02C4AABEA001BB6F4 /* HomeView.swift in Sources */,
				691057A32C4AB665001BB6F4 /* SearchView.swift in Sources */,
				6A0E2CA02C7AC0670096DB7B /* TimeSlotSelectionView.swift in Sources */,
				68C236542C5CD4DA0001B402 /* RowProfileView.swift in Sources */,
				68C236522C5BD5420001B402 /* UserProfileViewModel.swift in Sources */,
				75D65CDE2C6614F0008DB4A0 /* RegisterView.swift in Sources */,
				69B873F42C5BACF80038E3A6 /* DoctorModel.swift in Sources */,
				69B873F02C5B77EF0038E3A6 /* HomeViewController.swift in Sources */,
				75D65C152C578B51008DB4A0 /* RegisterViewTwo.swift in Sources */,
				680C181B2C49177900BD7874 /* HelloMedicApp.swift in Sources */,
				6804B76D2C661B4400C6F7AF /* LoadingImageView.swift in Sources */,
				6A12815B2C73CEF700E68A9F /* FavoriteCareGiversData.swift in Sources */,
				6AF9347F2C5B72950018164E /* LoginView.swift in Sources */,
				6A12815D2C73CF0000E68A9F /* FilterCareGiverView.swift in Sources */,
				6A0E2CA82C7C214F0096DB7B /* PractitionerCardView.swift in Sources */,
				F389E25D2C4A6C2A00CFCB77 /* AppointmentView.swift in Sources */,
				6804B7652C63C05400C6F7AF /* AppointmentDetailsViewController.swift in Sources */,
				F389E2652C4A9D5700CFCB77 /* ProfilSpecialistViewModel.swift in Sources */,
				6A84BB112C952D3400263528 /* LoginViewModel.swift in Sources */,
				6A0E2CA62C7C1DC60096DB7B /* PractitionerCardViewViewController.swift in Sources */,
				F3B521402C57984200E4034F /* AppointmentViewModel.swift in Sources */,
				F389E2672C4AA06100CFCB77 /* SpecialityModel.swift in Sources */,
				F3E94EC22C57D999000B0D69 /* DetailAppointmentView.swift in Sources */,
				F370C25D2C61073200BE0F6E /* ProfilSpecialistView.swift in Sources */,
				F3E94EC42C57DA26000B0D69 /* DetailAppointmentViewController.swift in Sources */,
				F389E2612C4A96AA00CFCB77 /* AppointmentModel.swift in Sources */,
				F389E2692C4AA4F200CFCB77 /* SpecialityViewModel.swift in Sources */,
				6A0E2C9C2C7A85E90096DB7B /* RendezVousView.swift in Sources */,
				680C18382C4A653100BD7874 /* UserProfileView.swift in Sources */,
				7531517B2C92F80B00B67E61 /* MyPrescription.swift in Sources */,
				6A1281572C73CEDA00E68A9F /* CareGiver.swift in Sources */,
				68C236482C5A60A40001B402 /* JSONLoader.swift in Sources */,
				6804B7632C63BE8200C6F7AF /* AppointmentDetailsView.swift in Sources */,
				6A2B17342C95BAEC00F5E408 /* Confirm.swift in Sources */,
			);
			runOnlyForDeploymentPostprocessing = 0;
		};
/* End PBXSourcesBuildPhase section */

/* Begin XCBuildConfiguration section */
		680C18232C49177A00BD7874 /* Debug */ = {
			isa = XCBuildConfiguration;
			buildSettings = {
				ALWAYS_SEARCH_USER_PATHS = NO;
				ASSETCATALOG_COMPILER_GENERATE_SWIFT_ASSET_SYMBOL_EXTENSIONS = YES;
				CLANG_ANALYZER_NONNULL = YES;
				CLANG_ANALYZER_NUMBER_OBJECT_CONVERSION = YES_AGGRESSIVE;
				CLANG_CXX_LANGUAGE_STANDARD = "gnu++20";
				CLANG_ENABLE_MODULES = YES;
				CLANG_ENABLE_OBJC_ARC = YES;
				CLANG_ENABLE_OBJC_WEAK = YES;
				CLANG_WARN_BLOCK_CAPTURE_AUTORELEASING = YES;
				CLANG_WARN_BOOL_CONVERSION = YES;
				CLANG_WARN_COMMA = YES;
				CLANG_WARN_CONSTANT_CONVERSION = YES;
				CLANG_WARN_DEPRECATED_OBJC_IMPLEMENTATIONS = YES;
				CLANG_WARN_DIRECT_OBJC_ISA_USAGE = YES_ERROR;
				CLANG_WARN_DOCUMENTATION_COMMENTS = YES;
				CLANG_WARN_EMPTY_BODY = YES;
				CLANG_WARN_ENUM_CONVERSION = YES;
				CLANG_WARN_INFINITE_RECURSION = YES;
				CLANG_WARN_INT_CONVERSION = YES;
				CLANG_WARN_NON_LITERAL_NULL_CONVERSION = YES;
				CLANG_WARN_OBJC_IMPLICIT_RETAIN_SELF = YES;
				CLANG_WARN_OBJC_LITERAL_CONVERSION = YES;
				CLANG_WARN_OBJC_ROOT_CLASS = YES_ERROR;
				CLANG_WARN_QUOTED_INCLUDE_IN_FRAMEWORK_HEADER = YES;
				CLANG_WARN_RANGE_LOOP_ANALYSIS = YES;
				CLANG_WARN_STRICT_PROTOTYPES = YES;
				CLANG_WARN_SUSPICIOUS_MOVE = YES;
				CLANG_WARN_UNGUARDED_AVAILABILITY = YES_AGGRESSIVE;
				CLANG_WARN_UNREACHABLE_CODE = YES;
				CLANG_WARN__DUPLICATE_METHOD_MATCH = YES;
				COPY_PHASE_STRIP = NO;
				DEBUG_INFORMATION_FORMAT = dwarf;
				ENABLE_STRICT_OBJC_MSGSEND = YES;
				ENABLE_TESTABILITY = YES;
				ENABLE_USER_SCRIPT_SANDBOXING = YES;
				GCC_C_LANGUAGE_STANDARD = gnu17;
				GCC_DYNAMIC_NO_PIC = NO;
				GCC_NO_COMMON_BLOCKS = YES;
				GCC_OPTIMIZATION_LEVEL = 0;
				GCC_PREPROCESSOR_DEFINITIONS = (
					"DEBUG=1",
					"$(inherited)",
				);
				GCC_WARN_64_TO_32_BIT_CONVERSION = YES;
				GCC_WARN_ABOUT_RETURN_TYPE = YES_ERROR;
				GCC_WARN_UNDECLARED_SELECTOR = YES;
				GCC_WARN_UNINITIALIZED_AUTOS = YES_AGGRESSIVE;
				GCC_WARN_UNUSED_FUNCTION = YES;
				GCC_WARN_UNUSED_VARIABLE = YES;
				IPHONEOS_DEPLOYMENT_TARGET = 17.5;
				LOCALIZATION_PREFERS_STRING_CATALOGS = YES;
				MTL_ENABLE_DEBUG_INFO = INCLUDE_SOURCE;
				MTL_FAST_MATH = YES;
				ONLY_ACTIVE_ARCH = YES;
				SDKROOT = iphoneos;
				SWIFT_ACTIVE_COMPILATION_CONDITIONS = "DEBUG $(inherited)";
				SWIFT_OPTIMIZATION_LEVEL = "-Onone";
			};
			name = Debug;
		};
		680C18242C49177A00BD7874 /* Release */ = {
			isa = XCBuildConfiguration;
			buildSettings = {
				ALWAYS_SEARCH_USER_PATHS = NO;
				ASSETCATALOG_COMPILER_GENERATE_SWIFT_ASSET_SYMBOL_EXTENSIONS = YES;
				CLANG_ANALYZER_NONNULL = YES;
				CLANG_ANALYZER_NUMBER_OBJECT_CONVERSION = YES_AGGRESSIVE;
				CLANG_CXX_LANGUAGE_STANDARD = "gnu++20";
				CLANG_ENABLE_MODULES = YES;
				CLANG_ENABLE_OBJC_ARC = YES;
				CLANG_ENABLE_OBJC_WEAK = YES;
				CLANG_WARN_BLOCK_CAPTURE_AUTORELEASING = YES;
				CLANG_WARN_BOOL_CONVERSION = YES;
				CLANG_WARN_COMMA = YES;
				CLANG_WARN_CONSTANT_CONVERSION = YES;
				CLANG_WARN_DEPRECATED_OBJC_IMPLEMENTATIONS = YES;
				CLANG_WARN_DIRECT_OBJC_ISA_USAGE = YES_ERROR;
				CLANG_WARN_DOCUMENTATION_COMMENTS = YES;
				CLANG_WARN_EMPTY_BODY = YES;
				CLANG_WARN_ENUM_CONVERSION = YES;
				CLANG_WARN_INFINITE_RECURSION = YES;
				CLANG_WARN_INT_CONVERSION = YES;
				CLANG_WARN_NON_LITERAL_NULL_CONVERSION = YES;
				CLANG_WARN_OBJC_IMPLICIT_RETAIN_SELF = YES;
				CLANG_WARN_OBJC_LITERAL_CONVERSION = YES;
				CLANG_WARN_OBJC_ROOT_CLASS = YES_ERROR;
				CLANG_WARN_QUOTED_INCLUDE_IN_FRAMEWORK_HEADER = YES;
				CLANG_WARN_RANGE_LOOP_ANALYSIS = YES;
				CLANG_WARN_STRICT_PROTOTYPES = YES;
				CLANG_WARN_SUSPICIOUS_MOVE = YES;
				CLANG_WARN_UNGUARDED_AVAILABILITY = YES_AGGRESSIVE;
				CLANG_WARN_UNREACHABLE_CODE = YES;
				CLANG_WARN__DUPLICATE_METHOD_MATCH = YES;
				COPY_PHASE_STRIP = NO;
				DEBUG_INFORMATION_FORMAT = "dwarf-with-dsym";
				ENABLE_NS_ASSERTIONS = NO;
				ENABLE_STRICT_OBJC_MSGSEND = YES;
				ENABLE_USER_SCRIPT_SANDBOXING = YES;
				GCC_C_LANGUAGE_STANDARD = gnu17;
				GCC_NO_COMMON_BLOCKS = YES;
				GCC_WARN_64_TO_32_BIT_CONVERSION = YES;
				GCC_WARN_ABOUT_RETURN_TYPE = YES_ERROR;
				GCC_WARN_UNDECLARED_SELECTOR = YES;
				GCC_WARN_UNINITIALIZED_AUTOS = YES_AGGRESSIVE;
				GCC_WARN_UNUSED_FUNCTION = YES;
				GCC_WARN_UNUSED_VARIABLE = YES;
				IPHONEOS_DEPLOYMENT_TARGET = 17.5;
				LOCALIZATION_PREFERS_STRING_CATALOGS = YES;
				MTL_ENABLE_DEBUG_INFO = NO;
				MTL_FAST_MATH = YES;
				SDKROOT = iphoneos;
				SWIFT_COMPILATION_MODE = wholemodule;
				VALIDATE_PRODUCT = YES;
			};
			name = Release;
		};
		680C18262C49177A00BD7874 /* Debug */ = {
			isa = XCBuildConfiguration;
			buildSettings = {
				ASSETCATALOG_COMPILER_APPICON_NAME = AppIcon;
				ASSETCATALOG_COMPILER_GLOBAL_ACCENT_COLOR_NAME = AccentColor;
				CODE_SIGN_STYLE = Automatic;
				CURRENT_PROJECT_VERSION = 1;
				DEVELOPMENT_ASSET_PATHS = "\"HelloMedic/Preview Content\"";
				ENABLE_PREVIEWS = YES;
				GENERATE_INFOPLIST_FILE = YES;
				INFOPLIST_FILE = HelloMedic/Info.plist;
				INFOPLIST_KEY_NSLocationAlwaysAndWhenInUseUsageDescription = "HelloMedic requires location";
				INFOPLIST_KEY_NSLocationWhenInUseUsageDescription = "HelloMedic requires location";
				INFOPLIST_KEY_UIApplicationSceneManifest_Generation = YES;
				INFOPLIST_KEY_UIApplicationSupportsIndirectInputEvents = YES;
				INFOPLIST_KEY_UILaunchScreen_Generation = YES;
				INFOPLIST_KEY_UISupportedInterfaceOrientations_iPad = "UIInterfaceOrientationPortrait UIInterfaceOrientationPortraitUpsideDown UIInterfaceOrientationLandscapeLeft UIInterfaceOrientationLandscapeRight";
				INFOPLIST_KEY_UISupportedInterfaceOrientations_iPhone = "UIInterfaceOrientationPortrait UIInterfaceOrientationLandscapeLeft UIInterfaceOrientationLandscapeRight";
				LD_RUNPATH_SEARCH_PATHS = (
					"$(inherited)",
					"@executable_path/Frameworks",
				);
				MARKETING_VERSION = 1.0;
				PRODUCT_BUNDLE_IDENTIFIER = com.simplon.HelloMedic;
				PRODUCT_NAME = "$(TARGET_NAME)";
				SWIFT_EMIT_LOC_STRINGS = YES;
				SWIFT_VERSION = 5.0;
				TARGETED_DEVICE_FAMILY = "1,2";
			};
			name = Debug;
		};
		680C18272C49177A00BD7874 /* Release */ = {
			isa = XCBuildConfiguration;
			buildSettings = {
				ASSETCATALOG_COMPILER_APPICON_NAME = AppIcon;
				ASSETCATALOG_COMPILER_GLOBAL_ACCENT_COLOR_NAME = AccentColor;
				CODE_SIGN_STYLE = Automatic;
				CURRENT_PROJECT_VERSION = 1;
				DEVELOPMENT_ASSET_PATHS = "\"HelloMedic/Preview Content\"";
				ENABLE_PREVIEWS = YES;
				GENERATE_INFOPLIST_FILE = YES;
				INFOPLIST_FILE = HelloMedic/Info.plist;
				INFOPLIST_KEY_NSLocationAlwaysAndWhenInUseUsageDescription = "HelloMedic requires location";
				INFOPLIST_KEY_NSLocationWhenInUseUsageDescription = "HelloMedic requires location";
				INFOPLIST_KEY_UIApplicationSceneManifest_Generation = YES;
				INFOPLIST_KEY_UIApplicationSupportsIndirectInputEvents = YES;
				INFOPLIST_KEY_UILaunchScreen_Generation = YES;
				INFOPLIST_KEY_UISupportedInterfaceOrientations_iPad = "UIInterfaceOrientationPortrait UIInterfaceOrientationPortraitUpsideDown UIInterfaceOrientationLandscapeLeft UIInterfaceOrientationLandscapeRight";
				INFOPLIST_KEY_UISupportedInterfaceOrientations_iPhone = "UIInterfaceOrientationPortrait UIInterfaceOrientationLandscapeLeft UIInterfaceOrientationLandscapeRight";
				LD_RUNPATH_SEARCH_PATHS = (
					"$(inherited)",
					"@executable_path/Frameworks",
				);
				MARKETING_VERSION = 1.0;
				PRODUCT_BUNDLE_IDENTIFIER = com.simplon.HelloMedic;
				PRODUCT_NAME = "$(TARGET_NAME)";
				SWIFT_EMIT_LOC_STRINGS = YES;
				SWIFT_VERSION = 5.0;
				TARGETED_DEVICE_FAMILY = "1,2";
			};
			name = Release;
		};
/* End XCBuildConfiguration section */

/* Begin XCConfigurationList section */
		680C18122C49177900BD7874 /* Build configuration list for PBXProject "HelloMedic" */ = {
			isa = XCConfigurationList;
			buildConfigurations = (
				680C18232C49177A00BD7874 /* Debug */,
				680C18242C49177A00BD7874 /* Release */,
			);
			defaultConfigurationIsVisible = 0;
			defaultConfigurationName = Release;
		};
		680C18252C49177A00BD7874 /* Build configuration list for PBXNativeTarget "HelloMedic" */ = {
			isa = XCConfigurationList;
			buildConfigurations = (
				680C18262C49177A00BD7874 /* Debug */,
				680C18272C49177A00BD7874 /* Release */,
			);
			defaultConfigurationIsVisible = 0;
			defaultConfigurationName = Release;
		};
/* End XCConfigurationList section */
	};
	rootObject = 680C180F2C49177900BD7874 /* Project object */;
}
